
Microsoft Visual Studio Solution File, Format Version 12.00
# Visual Studio Version 16
VisualStudioVersion = 16.0.809.0
MinimumVisualStudioVersion = 10.0.40219.1
Project("{FAE04EC0-301F-11D3-BF4B-00C04F79EFBC}") = "AspSwagger", "AspSwagger\AspSwagger.csproj", "{6C95456C-916C-4D16-BEB5-B967961201DD}"
EndProject
Global
	GlobalSection(SolutionConfigurationPlatforms) = preSolution
		Debug|Any CPU = Debug|Any CPU
		Release|Any CPU = Release|Any CPU
	EndGlobalSection
	GlobalSection(ProjectConfigurationPlatforms) = postSolution
		{6C95456C-916C-4D16-BEB5-B967961201DD}.Debug|Any CPU.ActiveCfg = Debug|Any CPU
		{6C95456C-916C-4D16-BEB5-B967961201DD}.Debug|Any CPU.Build.0 = Debug|Any CPU
		{6C95456C-916C-4D16-BEB5-B967961201DD}.Release|Any CPU.ActiveCfg = Release|Any CPU
		{6C95456C-916C-4D16-BEB5-B967961201DD}.Release|Any CPU.Build.0 = Release|Any CPU
	EndGlobalSection
	GlobalSection(SolutionProperties) = preSolution
		HideSolutionNode = FALSE
	EndGlobalSection
	GlobalSection(ExtensibilityGlobals) = postSolution
		SolutionGuid = {03906E62-CF4C-4353-A366-89910083B8F5}
	EndGlobalSection
EndGlobal
